
Microsoft Visual Studio Solution File, Format Version 12.00
# Visual Studio 15
VisualStudioVersion = 15.0.34112.143
MinimumVisualStudioVersion = 10.0.40219.1
Project("{FAE04EC0-301F-11D3-BF4B-00C04F79EFBC}") = "CalcularImparPar", "CalcularImparPar\CalcularImparPar.csproj", "{F700F0B9-1D45-4782-A8FA-7E50538E189D}"
EndProject
Global
	GlobalSection(SolutionConfigurationPlatforms) = preSolution
		Debug|Any CPU = Debug|Any CPU
		Release|Any CPU = Release|Any CPU
	EndGlobalSection
	GlobalSection(ProjectConfigurationPlatforms) = postSolution
		{F700F0B9-1D45-4782-A8FA-7E50538E189D}.Debug|Any CPU.ActiveCfg = Debug|Any CPU
		{F700F0B9-1D45-4782-A8FA-7E50538E189D}.Debug|Any CPU.Build.0 = Debug|Any CPU
		{F700F0B9-1D45-4782-A8FA-7E50538E189D}.Release|Any CPU.ActiveCfg = Release|Any CPU
		{F700F0B9-1D45-4782-A8FA-7E50538E189D}.Release|Any CPU.Build.0 = Release|Any CPU
	EndGlobalSection
	GlobalSection(SolutionProperties) = preSolution
		HideSolutionNode = FALSE
	EndGlobalSection
	GlobalSection(ExtensibilityGlobals) = postSolution
		SolutionGuid = {0D9C5C4D-62C9-47E7-B66F-C4B0A0694BDA}
	EndGlobalSection
EndGlobal
